
Microsoft Visual Studio Solution File, Format Version 12.00
# Visual Studio Version 17
VisualStudioVersion = 17.8.34316.72
MinimumVisualStudioVersion = 10.0.40219.1
Project("{FAE04EC0-301F-11D3-BF4B-00C04F79EFBC}") = "BookClubApp", "BookClubApp.csproj", "{98E3641E-3D44-4B06-9744-D5E53F11A3AA}"
EndProject
Global
	GlobalSection(SolutionConfigurationPlatforms) = preSolution
		Debug|Any CPU = Debug|Any CPU
		Release|Any CPU = Release|Any CPU
	EndGlobalSection
	GlobalSection(ProjectConfigurationPlatforms) = postSolution
		{98E3641E-3D44-4B06-9744-D5E53F11A3AA}.Debug|Any CPU.ActiveCfg = Debug|Any CPU
		{98E3641E-3D44-4B06-9744-D5E53F11A3AA}.Debug|Any CPU.Build.0 = Debug|Any CPU
		{98E3641E-3D44-4B06-9744-D5E53F11A3AA}.Release|Any CPU.ActiveCfg = Release|Any CPU
		{98E3641E-3D44-4B06-9744-D5E53F11A3AA}.Release|Any CPU.Build.0 = Release|Any CPU
	EndGlobalSection
	GlobalSection(SolutionProperties) = preSolution
		HideSolutionNode = FALSE
	EndGlobalSection
	GlobalSection(ExtensibilityGlobals) = postSolution
		SolutionGuid = {08B59E9F-853A-4C2F-80C3-B585A70FE3A1}
	EndGlobalSection
EndGlobal
